
Microsoft Visual Studio Solution File, Format Version 12.00
# Visual Studio 15
VisualStudioVersion = 15.0.26124.0
MinimumVisualStudioVersion = 15.0.26124.0
Project("{FAE04EC0-301F-11D3-BF4B-00C04F79EFBC}") = "API", "API\API.csproj", "{9BE5E2AF-3C99-48B1-80FC-BFA2E84655A1}"
EndProject
Project("{FAE04EC0-301F-11D3-BF4B-00C04F79EFBC}") = "Data", "Data\Data.csproj", "{17ED1989-551E-4F89-A7F2-6D440FEEE894}"
EndProject
Project("{FAE04EC0-301F-11D3-BF4B-00C04F79EFBC}") = "Web", "Web\Web.csproj", "{7C741665-7A61-4BF5-85A8-F58E68493C07}"
EndProject
Project("{FAE04EC0-301F-11D3-BF4B-00C04F79EFBC}") = "Common", "Common\Common.csproj", "{BB45F03D-3B38-4493-8886-8BB76DAAAFDE}"
EndProject
Project("{FAE04EC0-301F-11D3-BF4B-00C04F79EFBC}") = "Models", "Models\Models.csproj", "{C26A8277-3811-4AB2-9DC3-F2520FFA0B18}"
EndProject
Project("{FAE04EC0-301F-11D3-BF4B-00C04F79EFBC}") = "IdentityServer", "IdentityServer\IdentityServer.csproj", "{223950FF-A885-4426-B40B-BBB1BC69C8DF}"
EndProject
Global
	GlobalSection(SolutionConfigurationPlatforms) = preSolution
		Debug|Any CPU = Debug|Any CPU
		Debug|x64 = Debug|x64
		Debug|x86 = Debug|x86
		Release|Any CPU = Release|Any CPU
		Release|x64 = Release|x64
		Release|x86 = Release|x86
	EndGlobalSection
	GlobalSection(SolutionProperties) = preSolution
		HideSolutionNode = FALSE
	EndGlobalSection
	GlobalSection(ProjectConfigurationPlatforms) = postSolution
		{9BE5E2AF-3C99-48B1-80FC-BFA2E84655A1}.Debug|Any CPU.ActiveCfg = Debug|Any CPU
		{9BE5E2AF-3C99-48B1-80FC-BFA2E84655A1}.Debug|Any CPU.Build.0 = Debug|Any CPU
		{9BE5E2AF-3C99-48B1-80FC-BFA2E84655A1}.Debug|x64.ActiveCfg = Debug|Any CPU
		{9BE5E2AF-3C99-48B1-80FC-BFA2E84655A1}.Debug|x64.Build.0 = Debug|Any CPU
		{9BE5E2AF-3C99-48B1-80FC-BFA2E84655A1}.Debug|x86.ActiveCfg = Debug|Any CPU
		{9BE5E2AF-3C99-48B1-80FC-BFA2E84655A1}.Debug|x86.Build.0 = Debug|Any CPU
		{9BE5E2AF-3C99-48B1-80FC-BFA2E84655A1}.Release|Any CPU.ActiveCfg = Release|Any CPU
		{9BE5E2AF-3C99-48B1-80FC-BFA2E84655A1}.Release|Any CPU.Build.0 = Release|Any CPU
		{9BE5E2AF-3C99-48B1-80FC-BFA2E84655A1}.Release|x64.ActiveCfg = Release|Any CPU
		{9BE5E2AF-3C99-48B1-80FC-BFA2E84655A1}.Release|x64.Build.0 = Release|Any CPU
		{9BE5E2AF-3C99-48B1-80FC-BFA2E84655A1}.Release|x86.ActiveCfg = Release|Any CPU
		{9BE5E2AF-3C99-48B1-80FC-BFA2E84655A1}.Release|x86.Build.0 = Release|Any CPU
		{17ED1989-551E-4F89-A7F2-6D440FEEE894}.Debug|Any CPU.ActiveCfg = Debug|Any CPU
		{17ED1989-551E-4F89-A7F2-6D440FEEE894}.Debug|Any CPU.Build.0 = Debug|Any CPU
		{17ED1989-551E-4F89-A7F2-6D440FEEE894}.Debug|x64.ActiveCfg = Debug|Any CPU
		{17ED1989-551E-4F89-A7F2-6D440FEEE894}.Debug|x64.Build.0 = Debug|Any CPU
		{17ED1989-551E-4F89-A7F2-6D440FEEE894}.Debug|x86.ActiveCfg = Debug|Any CPU
		{17ED1989-551E-4F89-A7F2-6D440FEEE894}.Debug|x86.Build.0 = Debug|Any CPU
		{17ED1989-551E-4F89-A7F2-6D440FEEE894}.Release|Any CPU.ActiveCfg = Release|Any CPU
		{17ED1989-551E-4F89-A7F2-6D440FEEE894}.Release|Any CPU.Build.0 = Release|Any CPU
		{17ED1989-551E-4F89-A7F2-6D440FEEE894}.Release|x64.ActiveCfg = Release|Any CPU
		{17ED1989-551E-4F89-A7F2-6D440FEEE894}.Release|x64.Build.0 = Release|Any CPU
		{17ED1989-551E-4F89-A7F2-6D440FEEE894}.Release|x86.ActiveCfg = Release|Any CPU
		{17ED1989-551E-4F89-A7F2-6D440FEEE894}.Release|x86.Build.0 = Release|Any CPU
		{7C741665-7A61-4BF5-85A8-F58E68493C07}.Debug|Any CPU.ActiveCfg = Debug|Any CPU
		{7C741665-7A61-4BF5-85A8-F58E68493C07}.Debug|Any CPU.Build.0 = Debug|Any CPU
		{7C741665-7A61-4BF5-85A8-F58E68493C07}.Debug|x64.ActiveCfg = Debug|Any CPU
		{7C741665-7A61-4BF5-85A8-F58E68493C07}.Debug|x64.Build.0 = Debug|Any CPU
		{7C741665-7A61-4BF5-85A8-F58E68493C07}.Debug|x86.ActiveCfg = Debug|Any CPU
		{7C741665-7A61-4BF5-85A8-F58E68493C07}.Debug|x86.Build.0 = Debug|Any CPU
		{7C741665-7A61-4BF5-85A8-F58E68493C07}.Release|Any CPU.ActiveCfg = Release|Any CPU
		{7C741665-7A61-4BF5-85A8-F58E68493C07}.Release|Any CPU.Build.0 = Release|Any CPU
		{7C741665-7A61-4BF5-85A8-F58E68493C07}.Release|x64.ActiveCfg = Release|Any CPU
		{7C741665-7A61-4BF5-85A8-F58E68493C07}.Release|x64.Build.0 = Release|Any CPU
		{7C741665-7A61-4BF5-85A8-F58E68493C07}.Release|x86.ActiveCfg = Release|Any CPU
		{7C741665-7A61-4BF5-85A8-F58E68493C07}.Release|x86.Build.0 = Release|Any CPU
		{BB45F03D-3B38-4493-8886-8BB76DAAAFDE}.Debug|Any CPU.ActiveCfg = Debug|Any CPU
		{BB45F03D-3B38-4493-8886-8BB76DAAAFDE}.Debug|Any CPU.Build.0 = Debug|Any CPU
		{BB45F03D-3B38-4493-8886-8BB76DAAAFDE}.Debug|x64.ActiveCfg = Debug|Any CPU
		{BB45F03D-3B38-4493-8886-8BB76DAAAFDE}.Debug|x64.Build.0 = Debug|Any CPU
		{BB45F03D-3B38-4493-8886-8BB76DAAAFDE}.Debug|x86.ActiveCfg = Debug|Any CPU
		{BB45F03D-3B38-4493-8886-8BB76DAAAFDE}.Debug|x86.Build.0 = Debug|Any CPU
		{BB45F03D-3B38-4493-8886-8BB76DAAAFDE}.Release|Any CPU.ActiveCfg = Release|Any CPU
		{BB45F03D-3B38-4493-8886-8BB76DAAAFDE}.Release|Any CPU.Build.0 = Release|Any CPU
		{BB45F03D-3B38-4493-8886-8BB76DAAAFDE}.Release|x64.ActiveCfg = Release|Any CPU
		{BB45F03D-3B38-4493-8886-8BB76DAAAFDE}.Release|x64.Build.0 = Release|Any CPU
		{BB45F03D-3B38-4493-8886-8BB76DAAAFDE}.Release|x86.ActiveCfg = Release|Any CPU
		{BB45F03D-3B38-4493-8886-8BB76DAAAFDE}.Release|x86.Build.0 = Release|Any CPU
		{C26A8277-3811-4AB2-9DC3-F2520FFA0B18}.Debug|Any CPU.ActiveCfg = Debug|Any CPU
		{C26A8277-3811-4AB2-9DC3-F2520FFA0B18}.Debug|Any CPU.Build.0 = Debug|Any CPU
		{C26A8277-3811-4AB2-9DC3-F2520FFA0B18}.Debug|x64.ActiveCfg = Debug|Any CPU
		{C26A8277-3811-4AB2-9DC3-F2520FFA0B18}.Debug|x64.Build.0 = Debug|Any CPU
		{C26A8277-3811-4AB2-9DC3-F2520FFA0B18}.Debug|x86.ActiveCfg = Debug|Any CPU
		{C26A8277-3811-4AB2-9DC3-F2520FFA0B18}.Debug|x86.Build.0 = Debug|Any CPU
		{C26A8277-3811-4AB2-9DC3-F2520FFA0B18}.Release|Any CPU.ActiveCfg = Release|Any CPU
		{C26A8277-3811-4AB2-9DC3-F2520FFA0B18}.Release|Any CPU.Build.0 = Release|Any CPU
		{C26A8277-3811-4AB2-9DC3-F2520FFA0B18}.Release|x64.ActiveCfg = Release|Any CPU
		{C26A8277-3811-4AB2-9DC3-F2520FFA0B18}.Release|x64.Build.0 = Release|Any CPU
		{C26A8277-3811-4AB2-9DC3-F2520FFA0B18}.Release|x86.ActiveCfg = Release|Any CPU
		{C26A8277-3811-4AB2-9DC3-F2520FFA0B18}.Release|x86.Build.0 = Release|Any CPU
		{223950FF-A885-4426-B40B-BBB1BC69C8DF}.Debug|Any CPU.ActiveCfg = Debug|Any CPU
		{223950FF-A885-4426-B40B-BBB1BC69C8DF}.Debug|Any CPU.Build.0 = Debug|Any CPU
		{223950FF-A885-4426-B40B-BBB1BC69C8DF}.Debug|x64.ActiveCfg = Debug|Any CPU
		{223950FF-A885-4426-B40B-BBB1BC69C8DF}.Debug|x64.Build.0 = Debug|Any CPU
		{223950FF-A885-4426-B40B-BBB1BC69C8DF}.Debug|x86.ActiveCfg = Debug|Any CPU
		{223950FF-A885-4426-B40B-BBB1BC69C8DF}.Debug|x86.Build.0 = Debug|Any CPU
		{223950FF-A885-4426-B40B-BBB1BC69C8DF}.Release|Any CPU.ActiveCfg = Release|Any CPU
		{223950FF-A885-4426-B40B-BBB1BC69C8DF}.Release|Any CPU.Build.0 = Release|Any CPU
		{223950FF-A885-4426-B40B-BBB1BC69C8DF}.Release|x64.ActiveCfg = Release|Any CPU
		{223950FF-A885-4426-B40B-BBB1BC69C8DF}.Release|x64.Build.0 = Release|Any CPU
		{223950FF-A885-4426-B40B-BBB1BC69C8DF}.Release|x86.ActiveCfg = Release|Any CPU
		{223950FF-A885-4426-B40B-BBB1BC69C8DF}.Release|x86.Build.0 = Release|Any CPU
	EndGlobalSection
EndGlobal
